
Microsoft Visual Studio Solution File, Format Version 12.00
# Visual Studio Version 16
VisualStudioVersion = 16.0.30114.105
MinimumVisualStudioVersion = 10.0.40219.1
Project("{FAE04EC0-301F-11D3-BF4B-00C04F79EFBC}") = "tests", "tests\tests.csproj", "{A58E0519-B99A-4CC5-8235-4DA3DFFF89E6}"
EndProject
Project("{2150E333-8FDC-42A3-9474-1A3956D46DE8}") = "src", "src", "{EABF5D48-6D8D-4C93-8A96-9826D197871E}"
EndProject
Project("{FAE04EC0-301F-11D3-BF4B-00C04F79EFBC}") = "domain", "src\domain\domain.csproj", "{6C53B8EF-45A8-43B5-ADE0-5CFC1CF67B1B}"
EndProject
Global
	GlobalSection(SolutionConfigurationPlatforms) = preSolution
		Debug|Any CPU = Debug|Any CPU
		Debug|x64 = Debug|x64
		Debug|x86 = Debug|x86
		Release|Any CPU = Release|Any CPU
		Release|x64 = Release|x64
		Release|x86 = Release|x86
	EndGlobalSection
	GlobalSection(SolutionProperties) = preSolution
		HideSolutionNode = FALSE
	EndGlobalSection
	GlobalSection(ProjectConfigurationPlatforms) = postSolution
		{A58E0519-B99A-4CC5-8235-4DA3DFFF89E6}.Debug|Any CPU.ActiveCfg = Debug|Any CPU
		{A58E0519-B99A-4CC5-8235-4DA3DFFF89E6}.Debug|Any CPU.Build.0 = Debug|Any CPU
		{A58E0519-B99A-4CC5-8235-4DA3DFFF89E6}.Debug|x64.ActiveCfg = Debug|Any CPU
		{A58E0519-B99A-4CC5-8235-4DA3DFFF89E6}.Debug|x64.Build.0 = Debug|Any CPU
		{A58E0519-B99A-4CC5-8235-4DA3DFFF89E6}.Debug|x86.ActiveCfg = Debug|Any CPU
		{A58E0519-B99A-4CC5-8235-4DA3DFFF89E6}.Debug|x86.Build.0 = Debug|Any CPU
		{A58E0519-B99A-4CC5-8235-4DA3DFFF89E6}.Release|Any CPU.ActiveCfg = Release|Any CPU
		{A58E0519-B99A-4CC5-8235-4DA3DFFF89E6}.Release|Any CPU.Build.0 = Release|Any CPU
		{A58E0519-B99A-4CC5-8235-4DA3DFFF89E6}.Release|x64.ActiveCfg = Release|Any CPU
		{A58E0519-B99A-4CC5-8235-4DA3DFFF89E6}.Release|x64.Build.0 = Release|Any CPU
		{A58E0519-B99A-4CC5-8235-4DA3DFFF89E6}.Release|x86.ActiveCfg = Release|Any CPU
		{A58E0519-B99A-4CC5-8235-4DA3DFFF89E6}.Release|x86.Build.0 = Release|Any CPU
		{6C53B8EF-45A8-43B5-ADE0-5CFC1CF67B1B}.Debug|Any CPU.ActiveCfg = Debug|Any CPU
		{6C53B8EF-45A8-43B5-ADE0-5CFC1CF67B1B}.Debug|Any CPU.Build.0 = Debug|Any CPU
		{6C53B8EF-45A8-43B5-ADE0-5CFC1CF67B1B}.Debug|x64.ActiveCfg = Debug|Any CPU
		{6C53B8EF-45A8-43B5-ADE0-5CFC1CF67B1B}.Debug|x64.Build.0 = Debug|Any CPU
		{6C53B8EF-45A8-43B5-ADE0-5CFC1CF67B1B}.Debug|x86.ActiveCfg = Debug|Any CPU
		{6C53B8EF-45A8-43B5-ADE0-5CFC1CF67B1B}.Debug|x86.Build.0 = Debug|Any CPU
		{6C53B8EF-45A8-43B5-ADE0-5CFC1CF67B1B}.Release|Any CPU.ActiveCfg = Release|Any CPU
		{6C53B8EF-45A8-43B5-ADE0-5CFC1CF67B1B}.Release|Any CPU.Build.0 = Release|Any CPU
		{6C53B8EF-45A8-43B5-ADE0-5CFC1CF67B1B}.Release|x64.ActiveCfg = Release|Any CPU
		{6C53B8EF-45A8-43B5-ADE0-5CFC1CF67B1B}.Release|x64.Build.0 = Release|Any CPU
		{6C53B8EF-45A8-43B5-ADE0-5CFC1CF67B1B}.Release|x86.ActiveCfg = Release|Any CPU
		{6C53B8EF-45A8-43B5-ADE0-5CFC1CF67B1B}.Release|x86.Build.0 = Release|Any CPU
	EndGlobalSection
	GlobalSection(NestedProjects) = preSolution
		{6C53B8EF-45A8-43B5-ADE0-5CFC1CF67B1B} = {EABF5D48-6D8D-4C93-8A96-9826D197871E}
	EndGlobalSection
EndGlobal
